
Microsoft Visual Studio Solution File, Format Version 12.00
# Visual Studio 15
VisualStudioVersion = 15.0.28307.438
MinimumVisualStudioVersion = 10.0.40219.1
Project("{8BC9CEB8-8B4A-11D0-8D11-00A0C91BC942}") = "Project2", "Project2\Project2.vcxproj", "{E7BD8D1C-9731-4AF2-B96E-509BEF75DDDE}"
EndProject
Global
	GlobalSection(SolutionConfigurationPlatforms) = preSolution
		Debug|x64 = Debug|x64
		Debug|x86 = Debug|x86
		Release|x64 = Release|x64
		Release|x86 = Release|x86
	EndGlobalSection
	GlobalSection(ProjectConfigurationPlatforms) = postSolution
		{E7BD8D1C-9731-4AF2-B96E-509BEF75DDDE}.Debug|x64.ActiveCfg = Debug|x64
		{E7BD8D1C-9731-4AF2-B96E-509BEF75DDDE}.Debug|x64.Build.0 = Debug|x64
		{E7BD8D1C-9731-4AF2-B96E-509BEF75DDDE}.Debug|x86.ActiveCfg = Debug|Win32
		{E7BD8D1C-9731-4AF2-B96E-509BEF75DDDE}.Debug|x86.Build.0 = Debug|Win32
		{E7BD8D1C-9731-4AF2-B96E-509BEF75DDDE}.Release|x64.ActiveCfg = Release|x64
		{E7BD8D1C-9731-4AF2-B96E-509BEF75DDDE}.Release|x64.Build.0 = Release|x64
		{E7BD8D1C-9731-4AF2-B96E-509BEF75DDDE}.Release|x86.ActiveCfg = Release|Win32
		{E7BD8D1C-9731-4AF2-B96E-509BEF75DDDE}.Release|x86.Build.0 = Release|Win32
	EndGlobalSection
	GlobalSection(SolutionProperties) = preSolution
		HideSolutionNode = FALSE
	EndGlobalSection
	GlobalSection(ExtensibilityGlobals) = postSolution
		SolutionGuid = {3EE9AC9F-6937-40E3-BF2F-FA9D9532275B}
	EndGlobalSection
EndGlobal
